
Microsoft Visual Studio Solution File, Format Version 12.00
# Visual Studio Version 16
VisualStudioVersion = 16.0.29613.14
MinimumVisualStudioVersion = 15.0.26124.0
Project("{2150E333-8FDC-42A3-9474-1A3956D46DE8}") = "src", "src", "{5A94A953-D589-48AA-8F72-6B056DE35314}"
EndProject
Project("{9A19103F-16F7-4668-BE54-9A1E7A4F7556}") = "Organizr.Application", "src\Organizr.Application\Organizr.Application.csproj", "{93CAF196-BB1A-44DD-8012-C5F451CB8675}"
EndProject
Project("{9A19103F-16F7-4668-BE54-9A1E7A4F7556}") = "Organizr.Domain", "src\Organizr.Domain\Organizr.Domain.csproj", "{1B897CE0-1441-4211-9634-96BCC228B9BB}"
EndProject
Project("{9A19103F-16F7-4668-BE54-9A1E7A4F7556}") = "Organizr.Web", "src\Organizr.Web\Organizr.Web.csproj", "{B45754F7-CE8D-4114-A9EF-A3FF29BCA1B6}"
EndProject
Project("{9A19103F-16F7-4668-BE54-9A1E7A4F7556}") = "Organizr.Infrastructure", "src\Organizr.Infrastructure\Organizr.Infrastructure.csproj", "{6A9D767E-DB2B-4B35-AD11-3537BC2439B7}"
EndProject
Project("{2150E333-8FDC-42A3-9474-1A3956D46DE8}") = "tests", "tests", "{BE6A4CDD-4A0C-46EB-8847-756BF45A175B}"
	ProjectSection(SolutionItems) = preProject
		CodeCoverage.runsettings = CodeCoverage.runsettings
	EndProjectSection
EndProject
Project("{9A19103F-16F7-4668-BE54-9A1E7A4F7556}") = "Organizr.Domain.UnitTests", "tests\Organizr.Domain.UnitTests\Organizr.Domain.UnitTests.csproj", "{A723E1D5-7B4C-41A6-A099-FA42F2248E59}"
EndProject
Project("{9A19103F-16F7-4668-BE54-9A1E7A4F7556}") = "Organizr.Application.UnitTests", "tests\Organizr.Application.UnitTests\Organizr.Application.UnitTests.csproj", "{0B13A2E5-6D1C-46DB-A9CF-E8A66DBF272C}"
EndProject
Project("{FAE04EC0-301F-11D3-BF4B-00C04F79EFBC}") = "Organizr.Infrastructure.IntegrationTests", "tests\Organizr.Infrastructure.IntegrationTests\Organizr.Infrastructure.IntegrationTests.csproj", "{C6BD3D04-65E5-40CC-9DA2-D56207B6EAC0}"
EndProject
Global
	GlobalSection(SolutionConfigurationPlatforms) = preSolution
		Debug|Any CPU = Debug|Any CPU
		Debug|x64 = Debug|x64
		Debug|x86 = Debug|x86
		Release|Any CPU = Release|Any CPU
		Release|x64 = Release|x64
		Release|x86 = Release|x86
	EndGlobalSection
	GlobalSection(ProjectConfigurationPlatforms) = postSolution
		{93CAF196-BB1A-44DD-8012-C5F451CB8675}.Debug|Any CPU.ActiveCfg = Debug|Any CPU
		{93CAF196-BB1A-44DD-8012-C5F451CB8675}.Debug|Any CPU.Build.0 = Debug|Any CPU
		{93CAF196-BB1A-44DD-8012-C5F451CB8675}.Debug|x64.ActiveCfg = Debug|Any CPU
		{93CAF196-BB1A-44DD-8012-C5F451CB8675}.Debug|x64.Build.0 = Debug|Any CPU
		{93CAF196-BB1A-44DD-8012-C5F451CB8675}.Debug|x86.ActiveCfg = Debug|Any CPU
		{93CAF196-BB1A-44DD-8012-C5F451CB8675}.Debug|x86.Build.0 = Debug|Any CPU
		{93CAF196-BB1A-44DD-8012-C5F451CB8675}.Release|Any CPU.ActiveCfg = Release|Any CPU
		{93CAF196-BB1A-44DD-8012-C5F451CB8675}.Release|Any CPU.Build.0 = Release|Any CPU
		{93CAF196-BB1A-44DD-8012-C5F451CB8675}.Release|x64.ActiveCfg = Release|Any CPU
		{93CAF196-BB1A-44DD-8012-C5F451CB8675}.Release|x64.Build.0 = Release|Any CPU
		{93CAF196-BB1A-44DD-8012-C5F451CB8675}.Release|x86.ActiveCfg = Release|Any CPU
		{93CAF196-BB1A-44DD-8012-C5F451CB8675}.Release|x86.Build.0 = Release|Any CPU
		{1B897CE0-1441-4211-9634-96BCC228B9BB}.Debug|Any CPU.ActiveCfg = Debug|Any CPU
		{1B897CE0-1441-4211-9634-96BCC228B9BB}.Debug|Any CPU.Build.0 = Debug|Any CPU
		{1B897CE0-1441-4211-9634-96BCC228B9BB}.Debug|x64.ActiveCfg = Debug|Any CPU
		{1B897CE0-1441-4211-9634-96BCC228B9BB}.Debug|x64.Build.0 = Debug|Any CPU
		{1B897CE0-1441-4211-9634-96BCC228B9BB}.Debug|x86.ActiveCfg = Debug|Any CPU
		{1B897CE0-1441-4211-9634-96BCC228B9BB}.Debug|x86.Build.0 = Debug|Any CPU
		{1B897CE0-1441-4211-9634-96BCC228B9BB}.Release|Any CPU.ActiveCfg = Release|Any CPU
		{1B897CE0-1441-4211-9634-96BCC228B9BB}.Release|Any CPU.Build.0 = Release|Any CPU
		{1B897CE0-1441-4211-9634-96BCC228B9BB}.Release|x64.ActiveCfg = Release|Any CPU
		{1B897CE0-1441-4211-9634-96BCC228B9BB}.Release|x64.Build.0 = Release|Any CPU
		{1B897CE0-1441-4211-9634-96BCC228B9BB}.Release|x86.ActiveCfg = Release|Any CPU
		{1B897CE0-1441-4211-9634-96BCC228B9BB}.Release|x86.Build.0 = Release|Any CPU
		{B45754F7-CE8D-4114-A9EF-A3FF29BCA1B6}.Debug|Any CPU.ActiveCfg = Debug|Any CPU
		{B45754F7-CE8D-4114-A9EF-A3FF29BCA1B6}.Debug|Any CPU.Build.0 = Debug|Any CPU
		{B45754F7-CE8D-4114-A9EF-A3FF29BCA1B6}.Debug|x64.ActiveCfg = Debug|Any CPU
		{B45754F7-CE8D-4114-A9EF-A3FF29BCA1B6}.Debug|x64.Build.0 = Debug|Any CPU
		{B45754F7-CE8D-4114-A9EF-A3FF29BCA1B6}.Debug|x86.ActiveCfg = Debug|Any CPU
		{B45754F7-CE8D-4114-A9EF-A3FF29BCA1B6}.Debug|x86.Build.0 = Debug|Any CPU
		{B45754F7-CE8D-4114-A9EF-A3FF29BCA1B6}.Release|Any CPU.ActiveCfg = Release|Any CPU
		{B45754F7-CE8D-4114-A9EF-A3FF29BCA1B6}.Release|Any CPU.Build.0 = Release|Any CPU
		{B45754F7-CE8D-4114-A9EF-A3FF29BCA1B6}.Release|x64.ActiveCfg = Release|Any CPU
		{B45754F7-CE8D-4114-A9EF-A3FF29BCA1B6}.Release|x64.Build.0 = Release|Any CPU
		{B45754F7-CE8D-4114-A9EF-A3FF29BCA1B6}.Release|x86.ActiveCfg = Release|Any CPU
		{B45754F7-CE8D-4114-A9EF-A3FF29BCA1B6}.Release|x86.Build.0 = Release|Any CPU
		{6A9D767E-DB2B-4B35-AD11-3537BC2439B7}.Debug|Any CPU.ActiveCfg = Debug|Any CPU
		{6A9D767E-DB2B-4B35-AD11-3537BC2439B7}.Debug|Any CPU.Build.0 = Debug|Any CPU
		{6A9D767E-DB2B-4B35-AD11-3537BC2439B7}.Debug|x64.ActiveCfg = Debug|Any CPU
		{6A9D767E-DB2B-4B35-AD11-3537BC2439B7}.Debug|x64.Build.0 = Debug|Any CPU
		{6A9D767E-DB2B-4B35-AD11-3537BC2439B7}.Debug|x86.ActiveCfg = Debug|Any CPU
		{6A9D767E-DB2B-4B35-AD11-3537BC2439B7}.Debug|x86.Build.0 = Debug|Any CPU
		{6A9D767E-DB2B-4B35-AD11-3537BC2439B7}.Release|Any CPU.ActiveCfg = Release|Any CPU
		{6A9D767E-DB2B-4B35-AD11-3537BC2439B7}.Release|Any CPU.Build.0 = Release|Any CPU
		{6A9D767E-DB2B-4B35-AD11-3537BC2439B7}.Release|x64.ActiveCfg = Release|Any CPU
		{6A9D767E-DB2B-4B35-AD11-3537BC2439B7}.Release|x64.Build.0 = Release|Any CPU
		{6A9D767E-DB2B-4B35-AD11-3537BC2439B7}.Release|x86.ActiveCfg = Release|Any CPU
		{6A9D767E-DB2B-4B35-AD11-3537BC2439B7}.Release|x86.Build.0 = Release|Any CPU
		{A723E1D5-7B4C-41A6-A099-FA42F2248E59}.Debug|Any CPU.ActiveCfg = Debug|Any CPU
		{A723E1D5-7B4C-41A6-A099-FA42F2248E59}.Debug|Any CPU.Build.0 = Debug|Any CPU
		{A723E1D5-7B4C-41A6-A099-FA42F2248E59}.Debug|x64.ActiveCfg = Debug|Any CPU
		{A723E1D5-7B4C-41A6-A099-FA42F2248E59}.Debug|x64.Build.0 = Debug|Any CPU
		{A723E1D5-7B4C-41A6-A099-FA42F2248E59}.Debug|x86.ActiveCfg = Debug|Any CPU
		{A723E1D5-7B4C-41A6-A099-FA42F2248E59}.Debug|x86.Build.0 = Debug|Any CPU
		{A723E1D5-7B4C-41A6-A099-FA42F2248E59}.Release|Any CPU.ActiveCfg = Release|Any CPU
		{A723E1D5-7B4C-41A6-A099-FA42F2248E59}.Release|Any CPU.Build.0 = Release|Any CPU
		{A723E1D5-7B4C-41A6-A099-FA42F2248E59}.Release|x64.ActiveCfg = Release|Any CPU
		{A723E1D5-7B4C-41A6-A099-FA42F2248E59}.Release|x64.Build.0 = Release|Any CPU
		{A723E1D5-7B4C-41A6-A099-FA42F2248E59}.Release|x86.ActiveCfg = Release|Any CPU
		{A723E1D5-7B4C-41A6-A099-FA42F2248E59}.Release|x86.Build.0 = Release|Any CPU
		{0B13A2E5-6D1C-46DB-A9CF-E8A66DBF272C}.Debug|Any CPU.ActiveCfg = Debug|Any CPU
		{0B13A2E5-6D1C-46DB-A9CF-E8A66DBF272C}.Debug|Any CPU.Build.0 = Debug|Any CPU
		{0B13A2E5-6D1C-46DB-A9CF-E8A66DBF272C}.Debug|x64.ActiveCfg = Debug|Any CPU
		{0B13A2E5-6D1C-46DB-A9CF-E8A66DBF272C}.Debug|x64.Build.0 = Debug|Any CPU
		{0B13A2E5-6D1C-46DB-A9CF-E8A66DBF272C}.Debug|x86.ActiveCfg = Debug|Any CPU
		{0B13A2E5-6D1C-46DB-A9CF-E8A66DBF272C}.Debug|x86.Build.0 = Debug|Any CPU
		{0B13A2E5-6D1C-46DB-A9CF-E8A66DBF272C}.Release|Any CPU.ActiveCfg = Release|Any CPU
		{0B13A2E5-6D1C-46DB-A9CF-E8A66DBF272C}.Release|Any CPU.Build.0 = Release|Any CPU
		{0B13A2E5-6D1C-46DB-A9CF-E8A66DBF272C}.Release|x64.ActiveCfg = Release|Any CPU
		{0B13A2E5-6D1C-46DB-A9CF-E8A66DBF272C}.Release|x64.Build.0 = Release|Any CPU
		{0B13A2E5-6D1C-46DB-A9CF-E8A66DBF272C}.Release|x86.ActiveCfg = Release|Any CPU
		{0B13A2E5-6D1C-46DB-A9CF-E8A66DBF272C}.Release|x86.Build.0 = Release|Any CPU
		{C6BD3D04-65E5-40CC-9DA2-D56207B6EAC0}.Debug|Any CPU.ActiveCfg = Debug|Any CPU
		{C6BD3D04-65E5-40CC-9DA2-D56207B6EAC0}.Debug|Any CPU.Build.0 = Debug|Any CPU
		{C6BD3D04-65E5-40CC-9DA2-D56207B6EAC0}.Debug|x64.ActiveCfg = Debug|Any CPU
		{C6BD3D04-65E5-40CC-9DA2-D56207B6EAC0}.Debug|x64.Build.0 = Debug|Any CPU
		{C6BD3D04-65E5-40CC-9DA2-D56207B6EAC0}.Debug|x86.ActiveCfg = Debug|Any CPU
		{C6BD3D04-65E5-40CC-9DA2-D56207B6EAC0}.Debug|x86.Build.0 = Debug|Any CPU
		{C6BD3D04-65E5-40CC-9DA2-D56207B6EAC0}.Release|Any CPU.ActiveCfg = Release|Any CPU
		{C6BD3D04-65E5-40CC-9DA2-D56207B6EAC0}.Release|Any CPU.Build.0 = Release|Any CPU
		{C6BD3D04-65E5-40CC-9DA2-D56207B6EAC0}.Release|x64.ActiveCfg = Release|Any CPU
		{C6BD3D04-65E5-40CC-9DA2-D56207B6EAC0}.Release|x64.Build.0 = Release|Any CPU
		{C6BD3D04-65E5-40CC-9DA2-D56207B6EAC0}.Release|x86.ActiveCfg = Release|Any CPU
		{C6BD3D04-65E5-40CC-9DA2-D56207B6EAC0}.Release|x86.Build.0 = Release|Any CPU
	EndGlobalSection
	GlobalSection(SolutionProperties) = preSolution
		HideSolutionNode = FALSE
	EndGlobalSection
	GlobalSection(NestedProjects) = preSolution
		{93CAF196-BB1A-44DD-8012-C5F451CB8675} = {5A94A953-D589-48AA-8F72-6B056DE35314}
		{1B897CE0-1441-4211-9634-96BCC228B9BB} = {5A94A953-D589-48AA-8F72-6B056DE35314}
		{B45754F7-CE8D-4114-A9EF-A3FF29BCA1B6} = {5A94A953-D589-48AA-8F72-6B056DE35314}
		{6A9D767E-DB2B-4B35-AD11-3537BC2439B7} = {5A94A953-D589-48AA-8F72-6B056DE35314}
		{A723E1D5-7B4C-41A6-A099-FA42F2248E59} = {BE6A4CDD-4A0C-46EB-8847-756BF45A175B}
		{0B13A2E5-6D1C-46DB-A9CF-E8A66DBF272C} = {BE6A4CDD-4A0C-46EB-8847-756BF45A175B}
		{C6BD3D04-65E5-40CC-9DA2-D56207B6EAC0} = {BE6A4CDD-4A0C-46EB-8847-756BF45A175B}
	EndGlobalSection
	GlobalSection(ExtensibilityGlobals) = postSolution
		SolutionGuid = {65D910AB-0D42-4FD3-B785-E07D398A405E}
	EndGlobalSection
EndGlobal
